
Microsoft Visual Studio Solution File, Format Version 11.00
# Visual Studio 2010
Project("{2150E333-8FDC-42A3-9474-1A3956D46DE8}") = "Dominio", "Dominio", "{2BE9A4C6-8150-4F4E-ACC5-3E04815B79EE}"
EndProject
Project("{2150E333-8FDC-42A3-9474-1A3956D46DE8}") = "Testes", "Testes", "{34918B34-DD34-41A3-A9DA-964BEC6EA9B4}"
EndProject
Project("{FAE04EC0-301F-11D3-BF4B-00C04F79EFBC}") = "MetodosQuantitativos.Testes", "testes\MetodosQuantitativos.Testes\MetodosQuantitativos.Testes.csproj", "{05111511-0DFF-4A47-80C2-AC701CD332E2}"
EndProject
Project("{FAE04EC0-301F-11D3-BF4B-00C04F79EFBC}") = "MetodosQuantitativos.Operacoes", "source\MetodosQuantitativos.Operacoes\MetodosQuantitativos.Operacoes.csproj", "{CA9CE0FF-BDCA-4B84-9A06-AB86BC33E051}"
EndProject
Project("{2150E333-8FDC-42A3-9474-1A3956D46DE8}") = "Apresentacao", "Apresentacao", "{DB173D2D-16B6-4684-A934-DDCBE7DF3FE5}"
EndProject
Project("{FAE04EC0-301F-11D3-BF4B-00C04F79EFBC}") = "MetodosQuantitativos.ProgLinear", "source\MetodosQuantitativos.ProgLinear\MetodosQuantitativos.ProgLinear.csproj", "{5F4C016C-7E6C-46E1-B080-785203F4A3D9}"
EndProject
Global
	GlobalSection(SolutionConfigurationPlatforms) = preSolution
		Debug|Any CPU = Debug|Any CPU
		Debug|Mixed Platforms = Debug|Mixed Platforms
		Debug|x86 = Debug|x86
		Release|Any CPU = Release|Any CPU
		Release|Mixed Platforms = Release|Mixed Platforms
		Release|x86 = Release|x86
	EndGlobalSection
	GlobalSection(ProjectConfigurationPlatforms) = postSolution
		{05111511-0DFF-4A47-80C2-AC701CD332E2}.Debug|Any CPU.ActiveCfg = Debug|Any CPU
		{05111511-0DFF-4A47-80C2-AC701CD332E2}.Debug|Any CPU.Build.0 = Debug|Any CPU
		{05111511-0DFF-4A47-80C2-AC701CD332E2}.Debug|Mixed Platforms.ActiveCfg = Debug|Any CPU
		{05111511-0DFF-4A47-80C2-AC701CD332E2}.Debug|Mixed Platforms.Build.0 = Debug|Any CPU
		{05111511-0DFF-4A47-80C2-AC701CD332E2}.Debug|x86.ActiveCfg = Debug|Any CPU
		{05111511-0DFF-4A47-80C2-AC701CD332E2}.Release|Any CPU.ActiveCfg = Release|Any CPU
		{05111511-0DFF-4A47-80C2-AC701CD332E2}.Release|Any CPU.Build.0 = Release|Any CPU
		{05111511-0DFF-4A47-80C2-AC701CD332E2}.Release|Mixed Platforms.ActiveCfg = Release|Any CPU
		{05111511-0DFF-4A47-80C2-AC701CD332E2}.Release|Mixed Platforms.Build.0 = Release|Any CPU
		{05111511-0DFF-4A47-80C2-AC701CD332E2}.Release|x86.ActiveCfg = Release|Any CPU
		{CA9CE0FF-BDCA-4B84-9A06-AB86BC33E051}.Debug|Any CPU.ActiveCfg = Debug|Any CPU
		{CA9CE0FF-BDCA-4B84-9A06-AB86BC33E051}.Debug|Any CPU.Build.0 = Debug|Any CPU
		{CA9CE0FF-BDCA-4B84-9A06-AB86BC33E051}.Debug|Mixed Platforms.ActiveCfg = Debug|Any CPU
		{CA9CE0FF-BDCA-4B84-9A06-AB86BC33E051}.Debug|Mixed Platforms.Build.0 = Debug|Any CPU
		{CA9CE0FF-BDCA-4B84-9A06-AB86BC33E051}.Debug|x86.ActiveCfg = Debug|Any CPU
		{CA9CE0FF-BDCA-4B84-9A06-AB86BC33E051}.Release|Any CPU.ActiveCfg = Release|Any CPU
		{CA9CE0FF-BDCA-4B84-9A06-AB86BC33E051}.Release|Any CPU.Build.0 = Release|Any CPU
		{CA9CE0FF-BDCA-4B84-9A06-AB86BC33E051}.Release|Mixed Platforms.ActiveCfg = Release|Any CPU
		{CA9CE0FF-BDCA-4B84-9A06-AB86BC33E051}.Release|Mixed Platforms.Build.0 = Release|Any CPU
		{CA9CE0FF-BDCA-4B84-9A06-AB86BC33E051}.Release|x86.ActiveCfg = Release|Any CPU
		{5F4C016C-7E6C-46E1-B080-785203F4A3D9}.Debug|Any CPU.ActiveCfg = Debug|x86
		{5F4C016C-7E6C-46E1-B080-785203F4A3D9}.Debug|Mixed Platforms.ActiveCfg = Debug|x86
		{5F4C016C-7E6C-46E1-B080-785203F4A3D9}.Debug|Mixed Platforms.Build.0 = Debug|x86
		{5F4C016C-7E6C-46E1-B080-785203F4A3D9}.Debug|x86.ActiveCfg = Debug|x86
		{5F4C016C-7E6C-46E1-B080-785203F4A3D9}.Debug|x86.Build.0 = Debug|x86
		{5F4C016C-7E6C-46E1-B080-785203F4A3D9}.Release|Any CPU.ActiveCfg = Release|x86
		{5F4C016C-7E6C-46E1-B080-785203F4A3D9}.Release|Mixed Platforms.ActiveCfg = Release|x86
		{5F4C016C-7E6C-46E1-B080-785203F4A3D9}.Release|Mixed Platforms.Build.0 = Release|x86
		{5F4C016C-7E6C-46E1-B080-785203F4A3D9}.Release|x86.ActiveCfg = Release|x86
		{5F4C016C-7E6C-46E1-B080-785203F4A3D9}.Release|x86.Build.0 = Release|x86
	EndGlobalSection
	GlobalSection(SolutionProperties) = preSolution
		HideSolutionNode = FALSE
	EndGlobalSection
	GlobalSection(NestedProjects) = preSolution
		{CA9CE0FF-BDCA-4B84-9A06-AB86BC33E051} = {2BE9A4C6-8150-4F4E-ACC5-3E04815B79EE}
		{05111511-0DFF-4A47-80C2-AC701CD332E2} = {34918B34-DD34-41A3-A9DA-964BEC6EA9B4}
		{5F4C016C-7E6C-46E1-B080-785203F4A3D9} = {DB173D2D-16B6-4684-A934-DDCBE7DF3FE5}
	EndGlobalSection
EndGlobal
